
Microsoft Visual Studio Solution File, Format Version 12.00
# Visual Studio 14
VisualStudioVersion = 14.0.24720.0
MinimumVisualStudioVersion = 10.0.40219.1
Project("{FAE04EC0-301F-11D3-BF4B-00C04F79EFBC}") = "WcfServices.Contracts", "WcfServices.Contracts\WcfServices.Contracts.csproj", "{8F872C34-2291-40B8-9046-F1AEF80F475D}"
EndProject
Project("{FAE04EC0-301F-11D3-BF4B-00C04F79EFBC}") = "WcfServices.Services", "WcfServices.Services\WcfServices.Services.csproj", "{0C548E87-F52A-4912-B87B-922941EBAF22}"
EndProject
Project("{FAE04EC0-301F-11D3-BF4B-00C04F79EFBC}") = "WcfServices.Hosting", "WcfServices.Hosting\WcfServices.Hosting.csproj", "{85E86EC3-0293-480D-9F3D-C487D43F296C}"
EndProject
Project("{FAE04EC0-301F-11D3-BF4B-00C04F79EFBC}") = "WcfServices.Client", "WcfServices.Client\WcfServices.Client.csproj", "{2FD95A86-7DB9-4D48-91CA-E200EDC899D2}"
EndProject
Global
	GlobalSection(SolutionConfigurationPlatforms) = preSolution
		Debug|Any CPU = Debug|Any CPU
		Release|Any CPU = Release|Any CPU
	EndGlobalSection
	GlobalSection(ProjectConfigurationPlatforms) = postSolution
		{8F872C34-2291-40B8-9046-F1AEF80F475D}.Debug|Any CPU.ActiveCfg = Debug|Any CPU
		{8F872C34-2291-40B8-9046-F1AEF80F475D}.Debug|Any CPU.Build.0 = Debug|Any CPU
		{8F872C34-2291-40B8-9046-F1AEF80F475D}.Release|Any CPU.ActiveCfg = Release|Any CPU
		{8F872C34-2291-40B8-9046-F1AEF80F475D}.Release|Any CPU.Build.0 = Release|Any CPU
		{0C548E87-F52A-4912-B87B-922941EBAF22}.Debug|Any CPU.ActiveCfg = Debug|Any CPU
		{0C548E87-F52A-4912-B87B-922941EBAF22}.Debug|Any CPU.Build.0 = Debug|Any CPU
		{0C548E87-F52A-4912-B87B-922941EBAF22}.Release|Any CPU.ActiveCfg = Release|Any CPU
		{0C548E87-F52A-4912-B87B-922941EBAF22}.Release|Any CPU.Build.0 = Release|Any CPU
		{85E86EC3-0293-480D-9F3D-C487D43F296C}.Debug|Any CPU.ActiveCfg = Debug|Any CPU
		{85E86EC3-0293-480D-9F3D-C487D43F296C}.Debug|Any CPU.Build.0 = Debug|Any CPU
		{85E86EC3-0293-480D-9F3D-C487D43F296C}.Release|Any CPU.ActiveCfg = Release|Any CPU
		{85E86EC3-0293-480D-9F3D-C487D43F296C}.Release|Any CPU.Build.0 = Release|Any CPU
		{2FD95A86-7DB9-4D48-91CA-E200EDC899D2}.Debug|Any CPU.ActiveCfg = Debug|Any CPU
		{2FD95A86-7DB9-4D48-91CA-E200EDC899D2}.Debug|Any CPU.Build.0 = Debug|Any CPU
		{2FD95A86-7DB9-4D48-91CA-E200EDC899D2}.Release|Any CPU.ActiveCfg = Release|Any CPU
		{2FD95A86-7DB9-4D48-91CA-E200EDC899D2}.Release|Any CPU.Build.0 = Release|Any CPU
	EndGlobalSection
	GlobalSection(SolutionProperties) = preSolution
		HideSolutionNode = FALSE
	EndGlobalSection
EndGlobal
